
Microsoft Visual Studio Solution File, Format Version 12.00
# Visual Studio Version 17
VisualStudioVersion = 17.5.33516.290
MinimumVisualStudioVersion = 10.0.40219.1
Project("{FAE04EC0-301F-11D3-BF4B-00C04F79EFBC}") = "RankingApp", "RankingApp\RankingApp.csproj", "{CC35C34D-A401-4615-9BDB-BDC931BA5062}"
EndProject
Global
	GlobalSection(SolutionConfigurationPlatforms) = preSolution
		Debug|Any CPU = Debug|Any CPU
		Release|Any CPU = Release|Any CPU
	EndGlobalSection
	GlobalSection(ProjectConfigurationPlatforms) = postSolution
		{CC35C34D-A401-4615-9BDB-BDC931BA5062}.Debug|Any CPU.ActiveCfg = Debug|Any CPU
		{CC35C34D-A401-4615-9BDB-BDC931BA5062}.Debug|Any CPU.Build.0 = Debug|Any CPU
		{CC35C34D-A401-4615-9BDB-BDC931BA5062}.Release|Any CPU.ActiveCfg = Release|Any CPU
		{CC35C34D-A401-4615-9BDB-BDC931BA5062}.Release|Any CPU.Build.0 = Release|Any CPU
	EndGlobalSection
	GlobalSection(SolutionProperties) = preSolution
		HideSolutionNode = FALSE
	EndGlobalSection
	GlobalSection(ExtensibilityGlobals) = postSolution
		SolutionGuid = {15E33F38-5730-4116-8956-F940E2A3FC36}
	EndGlobalSection
EndGlobal
